{
  "object": {
    "pins": [
      {
        "package": "Kingfisher",
        "repositoryURL": "https://github.com/onevcat/Kingfisher.git",
        "state": {
          "branch": "master",
          "revision": "0e548b700c7c123dd3b2ac776e90d63a540f084d",
          "version": null
        }
      },
      {
        "package": "SkeletonView",
        "repositoryURL": "https://github.com/Juanpe/SkeletonView.git",
        "state": {
          "branch": "develop",
          "revision": "ef8e4578d790493ea6931c89d94b6b79cb469671",
          "version": null
        }
      }
    ]
  },
  "version": 1
}
