{
  "object": {
    "pins": [
      {
        "package": "Kingfisher",
        "repositoryURL": "https://github.com/onevcat/Kingfisher.git",
        "state": {
          "branch": "master",
          "revision": "1aa9889e5f7d9d92acda014eea9cdc7338d3d7d6",
          "version": null
        }
      },
      {
        "package": "SkeletonView",
        "repositoryURL": "https://github.com/Juanpe/SkeletonView.git",
        "state": {
          "branch": "develop",
          "revision": "efed2e7f323e08cbf8466104bf6c64d2117d768c",
          "version": null
        }
      }
    ]
  },
  "version": 1
}
