{
  "object": {
    "pins": [
      {
        "package": "Alamofire",
        "repositoryURL": "https://github.com/Alamofire/Alamofire.git",
        "state": {
          "branch": "master",
          "revision": "3fbfb080397813e1a9b70c8a67d0a6e0617c0ce8",
          "version": null
        }
      },
      {
        "package": "Kingfisher",
        "repositoryURL": "https://github.com/onevcat/Kingfisher.git",
        "state": {
          "branch": "master",
          "revision": "a18a65e35d2131fdcb9d53bca4e4d7a2195f0f4b",
          "version": null
        }
      }
    ]
  },
  "version": 1
}
