{
  "pins" : [
    {
      "identity" : "alamofire",
      "kind" : "remoteSourceControl",
      "location" : "https://github.com/Alamofire/Alamofire.git",
      "state" : {
        "branch" : "master",
        "revision" : "8dd85aee02e39dd280c75eef88ffdb86eed4b07b"
      }
    },
    {
      "identity" : "kingfisher",
      "kind" : "remoteSourceControl",
      "location" : "https://github.com/onevcat/Kingfisher.git",
      "state" : {
        "branch" : "master",
        "revision" : "13f842e18fbbde0093390b58591e99aa2c7800d3"
      }
    },
    {
      "identity" : "skeletonview",
      "kind" : "remoteSourceControl",
      "location" : "https://github.com/Juanpe/SkeletonView.git",
      "state" : {
        "branch" : "main",
        "revision" : "3688549eb812617ba38058bef8d35a9e5b894f0c"
      }
    },
    {
      "identity" : "spalert",
      "kind" : "remoteSourceControl",
      "location" : "https://github.com/NoahFetz/SPAlert.git",
      "state" : {
        "branch" : "tvOS",
        "revision" : "93bb4df089e6a85ef76f0d5876385e3283ba38e3"
      }
    }
  ],
  "version" : 2
}
